
Microsoft Visual Studio Solution File, Format Version 12.00
# Visual Studio Version 16
VisualStudioVersion = 16.0.30611.23
MinimumVisualStudioVersion = 10.0.40219.1
Project("{888888A0-9F3D-457C-B088-3A5042F75D52}") = "NMBlockchain", "NMBlockchain.pyproj", "{00410E0F-23CB-4991-BB04-849BF39878FB}"
EndProject
Global
	GlobalSection(SolutionConfigurationPlatforms) = preSolution
		Debug|Any CPU = Debug|Any CPU
		Release|Any CPU = Release|Any CPU
	EndGlobalSection
	GlobalSection(ProjectConfigurationPlatforms) = postSolution
		{00410E0F-23CB-4991-BB04-849BF39878FB}.Debug|Any CPU.ActiveCfg = Debug|Any CPU
		{00410E0F-23CB-4991-BB04-849BF39878FB}.Debug|Any CPU.Build.0 = Debug|Any CPU
		{00410E0F-23CB-4991-BB04-849BF39878FB}.Release|Any CPU.ActiveCfg = Release|Any CPU
		{00410E0F-23CB-4991-BB04-849BF39878FB}.Release|Any CPU.Build.0 = Release|Any CPU
	EndGlobalSection
	GlobalSection(SolutionProperties) = preSolution
		HideSolutionNode = FALSE
	EndGlobalSection
	GlobalSection(ExtensibilityGlobals) = postSolution
		SolutionGuid = {88269BBC-10E9-40DB-BE6A-89AD177F9907}
	EndGlobalSection
EndGlobal
